
Microsoft Visual Studio Solution File, Format Version 12.00
# Visual Studio Version 17
VisualStudioVersion = 17.7.34031.279
MinimumVisualStudioVersion = 10.0.40219.1
Project("{FAE04EC0-301F-11D3-BF4B-00C04F79EFBC}") = "sistemeautentificare", "sistemeautentificare.csproj", "{87BC2326-D633-4957-BAC9-42E585149D03}"
EndProject
Global
	GlobalSection(SolutionConfigurationPlatforms) = preSolution
		Debug|Any CPU = Debug|Any CPU
		Release|Any CPU = Release|Any CPU
	EndGlobalSection
	GlobalSection(ProjectConfigurationPlatforms) = postSolution
		{87BC2326-D633-4957-BAC9-42E585149D03}.Debug|Any CPU.ActiveCfg = Debug|Any CPU
		{87BC2326-D633-4957-BAC9-42E585149D03}.Debug|Any CPU.Build.0 = Debug|Any CPU
		{87BC2326-D633-4957-BAC9-42E585149D03}.Release|Any CPU.ActiveCfg = Release|Any CPU
		{87BC2326-D633-4957-BAC9-42E585149D03}.Release|Any CPU.Build.0 = Release|Any CPU
	EndGlobalSection
	GlobalSection(SolutionProperties) = preSolution
		HideSolutionNode = FALSE
	EndGlobalSection
	GlobalSection(ExtensibilityGlobals) = postSolution
		SolutionGuid = {5154DC40-819A-4B03-B667-7126FC3608B6}
	EndGlobalSection
EndGlobal
